{
  "nodes": {
    "root": {
      "inputs": {
        "stable": "stable",
        "unstable": "unstable"
      }
    },
    "stable": {
      "locked": {
        "lastModified": 1684919089,
        "narHash": "sha256-1lCk+G6ANnGcdxKmCPExEMPgTGTl8evb55KX3lcoo6Q=",
        "owner": "NixOS",
        "repo": "nixpkgs",
        "rev": "a05db4c9dca920ab791e22a80c5c2614b4abbe50",
        "type": "github"
      },
      "original": {
        "owner": "NixOS",
        "ref": "release-22.11",
        "repo": "nixpkgs",
        "type": "github"
      }
    },
    "unstable": {
      "locked": {
        "lastModified": 1684879512,
        "narHash": "sha256-BoAOf19Dshtfu6BDPznrKO97oeCkXlYfa1Hyt0Qv8VU=",
        "owner": "NixOS",
        "repo": "nixpkgs",
        "rev": "e6e049b7a24decd1f0caee8b035913795697c699",
        "type": "github"
      },
      "original": {
        "owner": "NixOS",
        "ref": "nixpkgs-unstable",
        "repo": "nixpkgs",
        "type": "github"
      }
    }
  },
  "root": "root",
  "version": 7
}
