{
  "nodes": {
    "flyctl-0-1-12": {
      "flake": false,
      "locked": {
        "lastModified": 1684893256,
        "narHash": "sha256-zAGnFkd8VM6VjIayOIYXCq24AMDJKJZ6xYGfwrfA/Jo=",
        "owner": "superfly",
        "repo": "flyctl",
        "rev": "b0911e043fbfb315d5a924d7f3ad4ed673967a22",
        "type": "github"
      },
      "original": {
        "owner": "superfly",
        "ref": "v0.1.12",
        "repo": "flyctl",
        "type": "github"
      }
    },
    "root": {
      "inputs": {
        "flyctl-0-1-12": "flyctl-0-1-12",
        "stable": "stable",
        "unstable": "unstable"
      }
    },
    "stable": {
      "locked": {
        "lastModified": 1684919089,
        "narHash": "sha256-1lCk+G6ANnGcdxKmCPExEMPgTGTl8evb55KX3lcoo6Q=",
        "owner": "NixOS",
        "repo": "nixpkgs",
        "rev": "a05db4c9dca920ab791e22a80c5c2614b4abbe50",
        "type": "github"
      },
      "original": {
        "owner": "NixOS",
        "ref": "release-22.11",
        "repo": "nixpkgs",
        "type": "github"
      }
    },
    "unstable": {
      "locked": {
        "lastModified": 1684879512,
        "narHash": "sha256-BoAOf19Dshtfu6BDPznrKO97oeCkXlYfa1Hyt0Qv8VU=",
        "owner": "NixOS",
        "repo": "nixpkgs",
        "rev": "e6e049b7a24decd1f0caee8b035913795697c699",
        "type": "github"
      },
      "original": {
        "owner": "NixOS",
        "ref": "nixpkgs-unstable",
        "repo": "nixpkgs",
        "type": "github"
      }
    }
  },
  "root": "root",
  "version": 7
}
